// !$*UTF8*$!
{
	archiveVersion = 1;
	classes = {
	};
	objectVersion = 46;
	objects = {

/* Begin PBXBuildFile section */
		13448E3D1F5A99EA0049F845 /* AddConactController.m in Sources */ = {isa = PBXBuildFile; fileRef = 13448E3C1F5A99EA0049F845 /* AddConactController.m */; };
		13448E401F5A9A060049F845 /* UpdateContactController.m in Sources */ = {isa = PBXBuildFile; fileRef = 13448E3F1F5A9A060049F845 /* UpdateContactController.m */; };
		13448E461F5A9F6B0049F845 /* SharedClass.m in Sources */ = {isa = PBXBuildFile; fileRef = 13448E451F5A9F6B0049F845 /* SharedClass.m */; };
		13B89FD11F5A95BF006770B0 /* main.m in Sources */ = {isa = PBXBuildFile; fileRef = 13B89FD01F5A95BF006770B0 /* main.m */; };
		13B89FD41F5A95BF006770B0 /* AppDelegate.m in Sources */ = {isa = PBXBuildFile; fileRef = 13B89FD31F5A95BF006770B0 /* AppDelegate.m */; };
		13B89FDA1F5A95BF006770B0 /* Main.storyboard in Resources */ = {isa = PBXBuildFile; fileRef = 13B89FD81F5A95BF006770B0 /* Main.storyboard */; };
		13B89FDD1F5A95BF006770B0 /* CoreDataTest.xcdatamodeld in Sources */ = {isa = PBXBuildFile; fileRef = 13B89FDB1F5A95BF006770B0 /* CoreDataTest.xcdatamodeld */; };
		13B89FDF1F5A95BF006770B0 /* Assets.xcassets in Resources */ = {isa = PBXBuildFile; fileRef = 13B89FDE1F5A95BF006770B0 /* Assets.xcassets */; };
		13B89FE21F5A95BF006770B0 /* LaunchScreen.storyboard in Resources */ = {isa = PBXBuildFile; fileRef = 13B89FE01F5A95BF006770B0 /* LaunchScreen.storyboard */; };
		13B89FEB1F5A965A006770B0 /* TableViewController.m in Sources */ = {isa = PBXBuildFile; fileRef = 13B89FEA1F5A965A006770B0 /* TableViewController.m */; };
/* End PBXBuildFile section */

/* Begin PBXFileReference section */
		13448E3B1F5A99EA0049F845 /* AddConactController.h */ = {isa = PBXFileReference; fileEncoding = 4; lastKnownFileType = sourcecode.c.h; path = AddConactController.h; sourceTree = "<group>"; };
		13448E3C1F5A99EA0049F845 /* AddConactController.m */ = {isa = PBXFileReference; fileEncoding = 4; lastKnownFileType = sourcecode.c.objc; path = AddConactController.m; sourceTree = "<group>"; };
		13448E3E1F5A9A060049F845 /* UpdateContactController.h */ = {isa = PBXFileReference; fileEncoding = 4; lastKnownFileType = sourcecode.c.h; path = UpdateContactController.h; sourceTree = "<group>"; };
		13448E3F1F5A9A060049F845 /* UpdateContactController.m */ = {isa = PBXFileReference; fileEncoding = 4; lastKnownFileType = sourcecode.c.objc; path = UpdateContactController.m; sourceTree = "<group>"; };
		13448E441F5A9F6B0049F845 /* SharedClass.h */ = {isa = PBXFileReference; fileEncoding = 4; lastKnownFileType = sourcecode.c.h; path = SharedClass.h; sourceTree = "<group>"; };
		13448E451F5A9F6B0049F845 /* SharedClass.m */ = {isa = PBXFileReference; fileEncoding = 4; lastKnownFileType = sourcecode.c.objc; path = SharedClass.m; sourceTree = "<group>"; };
		13B89FCC1F5A95BF006770B0 /* CoreDataTest.app */ = {isa = PBXFileReference; explicitFileType = wrapper.application; includeInIndex = 0; path = CoreDataTest.app; sourceTree = BUILT_PRODUCTS_DIR; };
		13B89FD01F5A95BF006770B0 /* main.m */ = {isa = PBXFileReference; lastKnownFileType = sourcecode.c.objc; path = main.m; sourceTree = "<group>"; };
		13B89FD21F5A95BF006770B0 /* AppDelegate.h */ = {isa = PBXFileReference; lastKnownFileType = sourcecode.c.h; path = AppDelegate.h; sourceTree = "<group>"; };
		13B89FD31F5A95BF006770B0 /* AppDelegate.m */ = {isa = PBXFileReference; lastKnownFileType = sourcecode.c.objc; path = AppDelegate.m; sourceTree = "<group>"; };
		13B89FD91F5A95BF006770B0 /* Base */ = {isa = PBXFileReference; lastKnownFileType = file.storyboard; name = Base; path = Base.lproj/Main.storyboard; sourceTree = "<group>"; };
		13B89FDC1F5A95BF006770B0 /* CoreDataTest.xcdatamodel */ = {isa = PBXFileReference; lastKnownFileType = wrapper.xcdatamodel; path = CoreDataTest.xcdatamodel; sourceTree = "<group>"; };
		13B89FDE1F5A95BF006770B0 /* Assets.xcassets */ = {isa = PBXFileReference; lastKnownFileType = folder.assetcatalog; path = Assets.xcassets; sourceTree = "<group>"; };
		13B89FE11F5A95BF006770B0 /* Base */ = {isa = PBXFileReference; lastKnownFileType = file.storyboard; name = Base; path = Base.lproj/LaunchScreen.storyboard; sourceTree = "<group>"; };
		13B89FE31F5A95BF006770B0 /* Info.plist */ = {isa = PBXFileReference; lastKnownFileType = text.plist.xml; path = Info.plist; sourceTree = "<group>"; };
		13B89FE91F5A965A006770B0 /* TableViewController.h */ = {isa = PBXFileReference; fileEncoding = 4; lastKnownFileType = sourcecode.c.h; path = TableViewController.h; sourceTree = "<group>"; };
		13B89FEA1F5A965A006770B0 /* TableViewController.m */ = {isa = PBXFileReference; fileEncoding = 4; lastKnownFileType = sourcecode.c.objc; path = TableViewController.m; sourceTree = "<group>"; };
/* End PBXFileReference section */

/* Begin PBXFrameworksBuildPhase section */
		13B89FC91F5A95BF006770B0 /* Frameworks */ = {
			isa = PBXFrameworksBuildPhase;
			buildActionMask = 2147483647;
			files = (
			);
			runOnlyForDeploymentPostprocessing = 0;
		};
/* End PBXFrameworksBuildPhase section */

/* Begin PBXGroup section */
		13B89FC31F5A95BF006770B0 = {
			isa = PBXGroup;
			children = (
				13B89FCE1F5A95BF006770B0 /* CoreDataTest */,
				13B89FCD1F5A95BF006770B0 /* Products */,
			);
			sourceTree = "<group>";
		};
		13B89FCD1F5A95BF006770B0 /* Products */ = {
			isa = PBXGroup;
			children = (
				13B89FCC1F5A95BF006770B0 /* CoreDataTest.app */,
			);
			name = Products;
			sourceTree = "<group>";
		};
		13B89FCE1F5A95BF006770B0 /* CoreDataTest */ = {
			isa = PBXGroup;
			children = (
				13B89FD21F5A95BF006770B0 /* AppDelegate.h */,
				13B89FD31F5A95BF006770B0 /* AppDelegate.m */,
				13B89FE91F5A965A006770B0 /* TableViewController.h */,
				13B89FEA1F5A965A006770B0 /* TableViewController.m */,
				13448E3B1F5A99EA0049F845 /* AddConactController.h */,
				13448E3C1F5A99EA0049F845 /* AddConactController.m */,
				13448E3E1F5A9A060049F845 /* UpdateContactController.h */,
				13448E3F1F5A9A060049F845 /* UpdateContactController.m */,
				13448E441F5A9F6B0049F845 /* SharedClass.h */,
				13448E451F5A9F6B0049F845 /* SharedClass.m */,
				13B89FD81F5A95BF006770B0 /* Main.storyboard */,
				13B89FDE1F5A95BF006770B0 /* Assets.xcassets */,
				13B89FE01F5A95BF006770B0 /* LaunchScreen.storyboard */,
				13B89FE31F5A95BF006770B0 /* Info.plist */,
				13B89FDB1F5A95BF006770B0 /* CoreDataTest.xcdatamodeld */,
				13B89FCF1F5A95BF006770B0 /* Supporting Files */,
			);
			path = CoreDataTest;
			sourceTree = "<group>";
		};
		13B89FCF1F5A95BF006770B0 /* Supporting Files */ = {
			isa = PBXGroup;
			children = (
				13B89FD01F5A95BF006770B0 /* main.m */,
			);
			name = "Supporting Files";
			sourceTree = "<group>";
		};
/* End PBXGroup section */

/* Begin PBXNativeTarget section */
		13B89FCB1F5A95BF006770B0 /* CoreDataTest */ = {
			isa = PBXNativeTarget;
			buildConfigurationList = 13B89FE61F5A95BF006770B0 /* Build configuration list for PBXNativeTarget "CoreDataTest" */;
			buildPhases = (
				13B89FC81F5A95BF006770B0 /* Sources */,
				13B89FC91F5A95BF006770B0 /* Frameworks */,
				13B89FCA1F5A95BF006770B0 /* Resources */,
			);
			buildRules = (
			);
			dependencies = (
			);
			name = CoreDataTest;
			productName = CoreDataTest;
			productReference = 13B89FCC1F5A95BF006770B0 /* CoreDataTest.app */;
			productType = "com.apple.product-type.application";
		};
/* End PBXNativeTarget section */

/* Begin PBXProject section */
		13B89FC41F5A95BF006770B0 /* Project object */ = {
			isa = PBXProject;
			attributes = {
				LastUpgradeCheck = 0830;
				ORGANIZATIONNAME = IN1947;
				TargetAttributes = {
					13B89FCB1F5A95BF006770B0 = {
						CreatedOnToolsVersion = 8.3.3;
						ProvisioningStyle = Automatic;
					};
				};
			};
			buildConfigurationList = 13B89FC71F5A95BF006770B0 /* Build configuration list for PBXProject "CoreDataTest" */;
			compatibilityVersion = "Xcode 3.2";
			developmentRegion = English;
			hasScannedForEncodings = 0;
			knownRegions = (
				en,
				Base,
			);
			mainGroup = 13B89FC31F5A95BF006770B0;
			productRefGroup = 13B89FCD1F5A95BF006770B0 /* Products */;
			projectDirPath = "";
			projectRoot = "";
			targets = (
				13B89FCB1F5A95BF006770B0 /* CoreDataTest */,
			);
		};
/* End PBXProject section */

/* Begin PBXResourcesBuildPhase section */
		13B89FCA1F5A95BF006770B0 /* Resources */ = {
			isa = PBXResourcesBuildPhase;
			buildActionMask = 2147483647;
			files = (
				13B89FE21F5A95BF006770B0 /* LaunchScreen.storyboard in Resources */,
				13B89FDF1F5A95BF006770B0 /* Assets.xcassets in Resources */,
				13B89FDA1F5A95BF006770B0 /* Main.storyboard in Resources */,
			);
			runOnlyForDeploymentPostprocessing = 0;
		};
/* End PBXResourcesBuildPhase section */

/* Begin PBXSourcesBuildPhase section */
		13B89FC81F5A95BF006770B0 /* Sources */ = {
			isa = PBXSourcesBuildPhase;
			buildActionMask = 2147483647;
			files = (
				13B89FDD1F5A95BF006770B0 /* CoreDataTest.xcdatamodeld in Sources */,
				13B89FD41F5A95BF006770B0 /* AppDelegate.m in Sources */,
				13B89FEB1F5A965A006770B0 /* TableViewController.m in Sources */,
				13448E3D1F5A99EA0049F845 /* AddConactController.m in Sources */,
				13B89FD11F5A95BF006770B0 /* main.m in Sources */,
				13448E401F5A9A060049F845 /* UpdateContactController.m in Sources */,
				13448E461F5A9F6B0049F845 /* SharedClass.m in Sources */,
			);
			runOnlyForDeploymentPostprocessing = 0;
		};
/* End PBXSourcesBuildPhase section */

/* Begin PBXVariantGroup section */
		13B89FD81F5A95BF006770B0 /* Main.storyboard */ = {
			isa = PBXVariantGroup;
			children = (
				13B89FD91F5A95BF006770B0 /* Base */,
			);
			name = Main.storyboard;
			sourceTree = "<group>";
		};
		13B89FE01F5A95BF006770B0 /* LaunchScreen.storyboard */ = {
			isa = PBXVariantGroup;
			children = (
				13B89FE11F5A95BF006770B0 /* Base */,
			);
			name = LaunchScreen.storyboard;
			sourceTree = "<group>";
		};
/* End PBXVariantGroup section */

/* Begin XCBuildConfiguration section */
		13B89FE41F5A95BF006770B0 /* Debug */ = {
			isa = XCBuildConfiguration;
			buildSettings = {
				ALWAYS_SEARCH_USER_PATHS = NO;
				CLANG_ANALYZER_NONNULL = YES;
				CLANG_ANALYZER_NUMBER_OBJECT_CONVERSION = YES_AGGRESSIVE;
				CLANG_CXX_LANGUAGE_STANDARD = "gnu++0x";
				CLANG_CXX_LIBRARY = "libc++";
				CLANG_ENABLE_MODULES = YES;
				CLANG_ENABLE_OBJC_ARC = YES;
				CLANG_WARN_BOOL_CONVERSION = YES;
				CLANG_WARN_CONSTANT_CONVERSION = YES;
				CLANG_WARN_DIRECT_OBJC_ISA_USAGE = YES_ERROR;
				CLANG_WARN_DOCUMENTATION_COMMENTS = YES;
				CLANG_WARN_EMPTY_BODY = YES;
				CLANG_WARN_ENUM_CONVERSION = YES;
				CLANG_WARN_INFINITE_RECURSION = YES;
				CLANG_WARN_INT_CONVERSION = YES;
				CLANG_WARN_OBJC_ROOT_CLASS = YES_ERROR;
				CLANG_WARN_SUSPICIOUS_MOVE = YES;
				CLANG_WARN_UNREACHABLE_CODE = YES;
				CLANG_WARN__DUPLICATE_METHOD_MATCH = YES;
				"CODE_SIGN_IDENTITY[sdk=iphoneos*]" = "iPhone Developer";
				COPY_PHASE_STRIP = NO;
				DEBUG_INFORMATION_FORMAT = dwarf;
				ENABLE_STRICT_OBJC_MSGSEND = YES;
				ENABLE_TESTABILITY = YES;
				GCC_C_LANGUAGE_STANDARD = gnu99;
				GCC_DYNAMIC_NO_PIC = NO;
				GCC_NO_COMMON_BLOCKS = YES;
				GCC_OPTIMIZATION_LEVEL = 0;
				GCC_PREPROCESSOR_DEFINITIONS = (
					"DEBUG=1",
					"$(inherited)",
				);
				GCC_WARN_64_TO_32_BIT_CONVERSION = YES;
				GCC_WARN_ABOUT_RETURN_TYPE = YES_ERROR;
				GCC_WARN_UNDECLARED_SELECTOR = YES;
				GCC_WARN_UNINITIALIZED_AUTOS = YES_AGGRESSIVE;
				GCC_WARN_UNUSED_FUNCTION = YES;
				GCC_WARN_UNUSED_VARIABLE = YES;
				IPHONEOS_DEPLOYMENT_TARGET = 10.3;
				MTL_ENABLE_DEBUG_INFO = YES;
				ONLY_ACTIVE_ARCH = YES;
				SDKROOT = iphoneos;
				TARGETED_DEVICE_FAMILY = "1,2";
			};
			name = Debug;
		};
		13B89FE51F5A95BF006770B0 /* Release */ = {
			isa = XCBuildConfiguration;
			buildSettings = {
				ALWAYS_SEARCH_USER_PATHS = NO;
				CLANG_ANALYZER_NONNULL = YES;
				CLANG_ANALYZER_NUMBER_OBJECT_CONVERSION = YES_AGGRESSIVE;
				CLANG_CXX_LANGUAGE_STANDARD = "gnu++0x";
				CLANG_CXX_LIBRARY = "libc++";
				CLANG_ENABLE_MODULES = YES;
				CLANG_ENABLE_OBJC_ARC = YES;
				CLANG_WARN_BOOL_CONVERSION = YES;
				CLANG_WARN_CONSTANT_CONVERSION = YES;
				CLANG_WARN_DIRECT_OBJC_ISA_USAGE = YES_ERROR;
				CLANG_WARN_DOCUMENTATION_COMMENTS = YES;
				CLANG_WARN_EMPTY_BODY = YES;
				CLANG_WARN_ENUM_CONVERSION = YES;
				CLANG_WARN_INFINITE_RECURSION = YES;
				CLANG_WARN_INT_CONVERSION = YES;
				CLANG_WARN_OBJC_ROOT_CLASS = YES_ERROR;
				CLANG_WARN_SUSPICIOUS_MOVE = YES;
				CLANG_WARN_UNREACHABLE_CODE = YES;
				CLANG_WARN__DUPLICATE_METHOD_MATCH = YES;
				"CODE_SIGN_IDENTITY[sdk=iphoneos*]" = "iPhone Developer";
				COPY_PHASE_STRIP = NO;
				DEBUG_INFORMATION_FORMAT = "dwarf-with-dsym";
				ENABLE_NS_ASSERTIONS = NO;
				ENABLE_STRICT_OBJC_MSGSEND = YES;
				GCC_C_LANGUAGE_STANDARD = gnu99;
				GCC_NO_COMMON_BLOCKS = YES;
				GCC_WARN_64_TO_32_BIT_CONVERSION = YES;
				GCC_WARN_ABOUT_RETURN_TYPE = YES_ERROR;
				GCC_WARN_UNDECLARED_SELECTOR = YES;
				GCC_WARN_UNINITIALIZED_AUTOS = YES_AGGRESSIVE;
				GCC_WARN_UNUSED_FUNCTION = YES;
				GCC_WARN_UNUSED_VARIABLE = YES;
				IPHONEOS_DEPLOYMENT_TARGET = 10.3;
				MTL_ENABLE_DEBUG_INFO = NO;
				SDKROOT = iphoneos;
				TARGETED_DEVICE_FAMILY = "1,2";
				VALIDATE_PRODUCT = YES;
			};
			name = Release;
		};
		13B89FE71F5A95BF006770B0 /* Debug */ = {
			isa = XCBuildConfiguration;
			buildSettings = {
				ASSETCATALOG_COMPILER_APPICON_NAME = AppIcon;
				INFOPLIST_FILE = CoreDataTest/Info.plist;
				LD_RUNPATH_SEARCH_PATHS = "$(inherited) @executable_path/Frameworks";
				PRODUCT_BUNDLE_IDENTIFIER = com.practice.CoreDataTest;
				PRODUCT_NAME = "$(TARGET_NAME)";
			};
			name = Debug;
		};
		13B89FE81F5A95BF006770B0 /* Release */ = {
			isa = XCBuildConfiguration;
			buildSettings = {
				ASSETCATALOG_COMPILER_APPICON_NAME = AppIcon;
				INFOPLIST_FILE = CoreDataTest/Info.plist;
				LD_RUNPATH_SEARCH_PATHS = "$(inherited) @executable_path/Frameworks";
				PRODUCT_BUNDLE_IDENTIFIER = com.practice.CoreDataTest;
				PRODUCT_NAME = "$(TARGET_NAME)";
			};
			name = Release;
		};
/* End XCBuildConfiguration section */

/* Begin XCConfigurationList section */
		13B89FC71F5A95BF006770B0 /* Build configuration list for PBXProject "CoreDataTest" */ = {
			isa = XCConfigurationList;
			buildConfigurations = (
				13B89FE41F5A95BF006770B0 /* Debug */,
				13B89FE51F5A95BF006770B0 /* Release */,
			);
			defaultConfigurationIsVisible = 0;
			defaultConfigurationName = Release;
		};
		13B89FE61F5A95BF006770B0 /* Build configuration list for PBXNativeTarget "CoreDataTest" */ = {
			isa = XCConfigurationList;
			buildConfigurations = (
				13B89FE71F5A95BF006770B0 /* Debug */,
				13B89FE81F5A95BF006770B0 /* Release */,
			);
			defaultConfigurationIsVisible = 0;
			defaultConfigurationName = Release;
		};
/* End XCConfigurationList section */

/* Begin XCVersionGroup section */
		13B89FDB1F5A95BF006770B0 /* CoreDataTest.xcdatamodeld */ = {
			isa = XCVersionGroup;
			children = (
				13B89FDC1F5A95BF006770B0 /* CoreDataTest.xcdatamodel */,
			);
			currentVersion = 13B89FDC1F5A95BF006770B0 /* CoreDataTest.xcdatamodel */;
			path = CoreDataTest.xcdatamodeld;
			sourceTree = "<group>";
			versionGroupType = wrapper.xcdatamodel;
		};
/* End XCVersionGroup section */
	};
	rootObject = 13B89FC41F5A95BF006770B0 /* Project object */;
}
